
Microsoft Visual Studio Solution File, Format Version 12.00
# Visual Studio Version 16
VisualStudioVersion = 16.0.29411.108
MinimumVisualStudioVersion = 10.0.40219.1
Project("{8BC9CEB8-8B4A-11D0-8D11-00A0C91BC942}") = "Ex.3", "Ex.3\Ex.3.vcxproj", "{727D1FA7-0783-4045-B02E-F95E84010E26}"
EndProject
Global
	GlobalSection(SolutionConfigurationPlatforms) = preSolution
		Debug|x64 = Debug|x64
		Debug|x86 = Debug|x86
		Release|x64 = Release|x64
		Release|x86 = Release|x86
	EndGlobalSection
	GlobalSection(ProjectConfigurationPlatforms) = postSolution
		{727D1FA7-0783-4045-B02E-F95E84010E26}.Debug|x64.ActiveCfg = Debug|x64
		{727D1FA7-0783-4045-B02E-F95E84010E26}.Debug|x64.Build.0 = Debug|x64
		{727D1FA7-0783-4045-B02E-F95E84010E26}.Debug|x86.ActiveCfg = Debug|Win32
		{727D1FA7-0783-4045-B02E-F95E84010E26}.Debug|x86.Build.0 = Debug|Win32
		{727D1FA7-0783-4045-B02E-F95E84010E26}.Release|x64.ActiveCfg = Release|x64
		{727D1FA7-0783-4045-B02E-F95E84010E26}.Release|x64.Build.0 = Release|x64
		{727D1FA7-0783-4045-B02E-F95E84010E26}.Release|x86.ActiveCfg = Release|Win32
		{727D1FA7-0783-4045-B02E-F95E84010E26}.Release|x86.Build.0 = Release|Win32
	EndGlobalSection
	GlobalSection(SolutionProperties) = preSolution
		HideSolutionNode = FALSE
	EndGlobalSection
	GlobalSection(ExtensibilityGlobals) = postSolution
		SolutionGuid = {B8E0B865-0086-47F7-A10A-5D6F5D34E44A}
	EndGlobalSection
EndGlobal
